
Microsoft Visual Studio Solution File, Format Version 12.00
# Visual Studio 2012
Project("{FAE04EC0-301F-11D3-BF4B-00C04F79EFBC}") = "Chan", "Chan\Chan.csproj", "{924F7673-B3D6-41CD-9CE5-2C956465189E}"
EndProject
Project("{FAE04EC0-301F-11D3-BF4B-00C04F79EFBC}") = "UnixDbg", "UnixDbg\UnixDbg.csproj", "{477A2016-6019-4445-B269-2024E6BFD9D2}"
EndProject
Project("{FAE04EC0-301F-11D3-BF4B-00C04F79EFBC}") = "WCFTestsGreeter", "WCFTests\WCFTestsGreeter.csproj", "{2D9D6E78-B407-4F7A-9E35-7550E7AD910A}"
EndProject
Project("{FAE04EC0-301F-11D3-BF4B-00C04F79EFBC}") = "WCFTestsHost", "WCFTestsHost\WCFTestsHost.csproj", "{4025F931-3CF1-42DF-8D67-7BA352462AB3}"
EndProject
Project("{FAE04EC0-301F-11D3-BF4B-00C04F79EFBC}") = "WCFTestsClient", "WCFTestsClient\WCFTestsClient.csproj", "{56105DB4-BB5A-4A08-B12D-B060C7FCF4F1}"
EndProject
Global
	GlobalSection(SolutionConfigurationPlatforms) = preSolution
		Debug|x86 = Debug|x86
		Release|x86 = Release|x86
	EndGlobalSection
	GlobalSection(ProjectConfigurationPlatforms) = postSolution
		{2D9D6E78-B407-4F7A-9E35-7550E7AD910A}.Debug|x86.ActiveCfg = Debug|x86
		{2D9D6E78-B407-4F7A-9E35-7550E7AD910A}.Debug|x86.Build.0 = Debug|x86
		{2D9D6E78-B407-4F7A-9E35-7550E7AD910A}.Release|x86.ActiveCfg = Release|x86
		{2D9D6E78-B407-4F7A-9E35-7550E7AD910A}.Release|x86.Build.0 = Release|x86
		{4025F931-3CF1-42DF-8D67-7BA352462AB3}.Debug|x86.ActiveCfg = Debug|x86
		{4025F931-3CF1-42DF-8D67-7BA352462AB3}.Debug|x86.Build.0 = Debug|x86
		{4025F931-3CF1-42DF-8D67-7BA352462AB3}.Release|x86.ActiveCfg = Release|x86
		{4025F931-3CF1-42DF-8D67-7BA352462AB3}.Release|x86.Build.0 = Release|x86
		{477A2016-6019-4445-B269-2024E6BFD9D2}.Debug|x86.ActiveCfg = Debug|x86
		{477A2016-6019-4445-B269-2024E6BFD9D2}.Debug|x86.Build.0 = Debug|x86
		{477A2016-6019-4445-B269-2024E6BFD9D2}.Release|x86.ActiveCfg = Release|x86
		{477A2016-6019-4445-B269-2024E6BFD9D2}.Release|x86.Build.0 = Release|x86
		{56105DB4-BB5A-4A08-B12D-B060C7FCF4F1}.Debug|x86.ActiveCfg = Debug|x86
		{56105DB4-BB5A-4A08-B12D-B060C7FCF4F1}.Debug|x86.Build.0 = Debug|x86
		{56105DB4-BB5A-4A08-B12D-B060C7FCF4F1}.Release|x86.ActiveCfg = Release|x86
		{56105DB4-BB5A-4A08-B12D-B060C7FCF4F1}.Release|x86.Build.0 = Release|x86
		{924F7673-B3D6-41CD-9CE5-2C956465189E}.Debug|x86.ActiveCfg = Debug|x86
		{924F7673-B3D6-41CD-9CE5-2C956465189E}.Debug|x86.Build.0 = Debug|x86
		{924F7673-B3D6-41CD-9CE5-2C956465189E}.Release|x86.ActiveCfg = Release|x86
		{924F7673-B3D6-41CD-9CE5-2C956465189E}.Release|x86.Build.0 = Release|x86
	EndGlobalSection
	GlobalSection(MonoDevelopProperties) = preSolution
		StartupItem = UnixDbg\UnixDbg.csproj
		Policies = $0
		$0.StandardHeader = $1
		$1.Text = using System.Threading.Tasks;
		$1.IncludeInNewFiles = True
		$0.DotNetNamingPolicy = $2
		$2.DirectoryNamespaceAssociation = None
		$2.ResourceNamePolicy = FileFormatDefault
	EndGlobalSection
EndGlobal
